
Microsoft Visual Studio Solution File, Format Version 12.00
# Visual Studio 15
VisualStudioVersion = 15.0.26124.0
MinimumVisualStudioVersion = 15.0.26124.0
Project("{9A19103F-16F7-4668-BE54-9A1E7A4F7556}") = "R5T.Ujung.Default.Construction", "R5T.Ujung.Default.Construction\R5T.Ujung.Default.Construction.csproj", "{FF11B171-6485-4D29-AB79-FB8DB897F5FB}"
EndProject
Project("{9A19103F-16F7-4668-BE54-9A1E7A4F7556}") = "R5T.Ujung.Default", "R5T.Ujung.Default\R5T.Ujung.Default.csproj", "{ECC92C00-B8DB-42FE-920E-5638404B1F14}"
EndProject
Project("{2150E333-8FDC-42A3-9474-1A3956D46DE8}") = "_Dependencies", "_Dependencies", "{41809C72-3712-4F7F-AAE2-C4E1CB406945}"
EndProject
Project("{9A19103F-16F7-4668-BE54-9A1E7A4F7556}") = "R5T.Ujung.Base", "..\..\R5T.Ujung.Base\source\R5T.Ujung.Base\R5T.Ujung.Base.csproj", "{891DC6B0-A799-4F25-AD79-4C1870CE0D19}"
EndProject
Project("{9A19103F-16F7-4668-BE54-9A1E7A4F7556}") = "R5T.Angleterria", "..\..\R5T.Angleterria\source\R5T.Angleterria\R5T.Angleterria.csproj", "{3340BBCE-41C7-465A-BB30-7CD9086A3B86}"
EndProject
Project("{FAE04EC0-301F-11D3-BF4B-00C04F79EFBC}") = "R5T.T0064", "..\..\R5T.T0064\source\R5T.T0064\R5T.T0064.csproj", "{E43DDE9F-A9A3-4B04-A1D6-2FF6BCFA0C4E}"
EndProject
Global
	GlobalSection(SolutionConfigurationPlatforms) = preSolution
		Debug|Any CPU = Debug|Any CPU
		Debug|x64 = Debug|x64
		Debug|x86 = Debug|x86
		Release|Any CPU = Release|Any CPU
		Release|x64 = Release|x64
		Release|x86 = Release|x86
	EndGlobalSection
	GlobalSection(ProjectConfigurationPlatforms) = postSolution
		{FF11B171-6485-4D29-AB79-FB8DB897F5FB}.Debug|Any CPU.ActiveCfg = Debug|Any CPU
		{FF11B171-6485-4D29-AB79-FB8DB897F5FB}.Debug|Any CPU.Build.0 = Debug|Any CPU
		{FF11B171-6485-4D29-AB79-FB8DB897F5FB}.Debug|x64.ActiveCfg = Debug|Any CPU
		{FF11B171-6485-4D29-AB79-FB8DB897F5FB}.Debug|x64.Build.0 = Debug|Any CPU
		{FF11B171-6485-4D29-AB79-FB8DB897F5FB}.Debug|x86.ActiveCfg = Debug|Any CPU
		{FF11B171-6485-4D29-AB79-FB8DB897F5FB}.Debug|x86.Build.0 = Debug|Any CPU
		{FF11B171-6485-4D29-AB79-FB8DB897F5FB}.Release|Any CPU.ActiveCfg = Release|Any CPU
		{FF11B171-6485-4D29-AB79-FB8DB897F5FB}.Release|Any CPU.Build.0 = Release|Any CPU
		{FF11B171-6485-4D29-AB79-FB8DB897F5FB}.Release|x64.ActiveCfg = Release|Any CPU
		{FF11B171-6485-4D29-AB79-FB8DB897F5FB}.Release|x64.Build.0 = Release|Any CPU
		{FF11B171-6485-4D29-AB79-FB8DB897F5FB}.Release|x86.ActiveCfg = Release|Any CPU
		{FF11B171-6485-4D29-AB79-FB8DB897F5FB}.Release|x86.Build.0 = Release|Any CPU
		{ECC92C00-B8DB-42FE-920E-5638404B1F14}.Debug|Any CPU.ActiveCfg = Debug|Any CPU
		{ECC92C00-B8DB-42FE-920E-5638404B1F14}.Debug|Any CPU.Build.0 = Debug|Any CPU
		{ECC92C00-B8DB-42FE-920E-5638404B1F14}.Debug|x64.ActiveCfg = Debug|Any CPU
		{ECC92C00-B8DB-42FE-920E-5638404B1F14}.Debug|x64.Build.0 = Debug|Any CPU
		{ECC92C00-B8DB-42FE-920E-5638404B1F14}.Debug|x86.ActiveCfg = Debug|Any CPU
		{ECC92C00-B8DB-42FE-920E-5638404B1F14}.Debug|x86.Build.0 = Debug|Any CPU
		{ECC92C00-B8DB-42FE-920E-5638404B1F14}.Release|Any CPU.ActiveCfg = Release|Any CPU
		{ECC92C00-B8DB-42FE-920E-5638404B1F14}.Release|Any CPU.Build.0 = Release|Any CPU
		{ECC92C00-B8DB-42FE-920E-5638404B1F14}.Release|x64.ActiveCfg = Release|Any CPU
		{ECC92C00-B8DB-42FE-920E-5638404B1F14}.Release|x64.Build.0 = Release|Any CPU
		{ECC92C00-B8DB-42FE-920E-5638404B1F14}.Release|x86.ActiveCfg = Release|Any CPU
		{ECC92C00-B8DB-42FE-920E-5638404B1F14}.Release|x86.Build.0 = Release|Any CPU
		{891DC6B0-A799-4F25-AD79-4C1870CE0D19}.Debug|Any CPU.ActiveCfg = Debug|Any CPU
		{891DC6B0-A799-4F25-AD79-4C1870CE0D19}.Debug|Any CPU.Build.0 = Debug|Any CPU
		{891DC6B0-A799-4F25-AD79-4C1870CE0D19}.Debug|x64.ActiveCfg = Debug|Any CPU
		{891DC6B0-A799-4F25-AD79-4C1870CE0D19}.Debug|x64.Build.0 = Debug|Any CPU
		{891DC6B0-A799-4F25-AD79-4C1870CE0D19}.Debug|x86.ActiveCfg = Debug|Any CPU
		{891DC6B0-A799-4F25-AD79-4C1870CE0D19}.Debug|x86.Build.0 = Debug|Any CPU
		{891DC6B0-A799-4F25-AD79-4C1870CE0D19}.Release|Any CPU.ActiveCfg = Release|Any CPU
		{891DC6B0-A799-4F25-AD79-4C1870CE0D19}.Release|Any CPU.Build.0 = Release|Any CPU
		{891DC6B0-A799-4F25-AD79-4C1870CE0D19}.Release|x64.ActiveCfg = Release|Any CPU
		{891DC6B0-A799-4F25-AD79-4C1870CE0D19}.Release|x64.Build.0 = Release|Any CPU
		{891DC6B0-A799-4F25-AD79-4C1870CE0D19}.Release|x86.ActiveCfg = Release|Any CPU
		{891DC6B0-A799-4F25-AD79-4C1870CE0D19}.Release|x86.Build.0 = Release|Any CPU
		{3340BBCE-41C7-465A-BB30-7CD9086A3B86}.Debug|Any CPU.ActiveCfg = Debug|Any CPU
		{3340BBCE-41C7-465A-BB30-7CD9086A3B86}.Debug|Any CPU.Build.0 = Debug|Any CPU
		{3340BBCE-41C7-465A-BB30-7CD9086A3B86}.Debug|x64.ActiveCfg = Debug|Any CPU
		{3340BBCE-41C7-465A-BB30-7CD9086A3B86}.Debug|x64.Build.0 = Debug|Any CPU
		{3340BBCE-41C7-465A-BB30-7CD9086A3B86}.Debug|x86.ActiveCfg = Debug|Any CPU
		{3340BBCE-41C7-465A-BB30-7CD9086A3B86}.Debug|x86.Build.0 = Debug|Any CPU
		{3340BBCE-41C7-465A-BB30-7CD9086A3B86}.Release|Any CPU.ActiveCfg = Release|Any CPU
		{3340BBCE-41C7-465A-BB30-7CD9086A3B86}.Release|Any CPU.Build.0 = Release|Any CPU
		{3340BBCE-41C7-465A-BB30-7CD9086A3B86}.Release|x64.ActiveCfg = Release|Any CPU
		{3340BBCE-41C7-465A-BB30-7CD9086A3B86}.Release|x64.Build.0 = Release|Any CPU
		{3340BBCE-41C7-465A-BB30-7CD9086A3B86}.Release|x86.ActiveCfg = Release|Any CPU
		{3340BBCE-41C7-465A-BB30-7CD9086A3B86}.Release|x86.Build.0 = Release|Any CPU
		{E43DDE9F-A9A3-4B04-A1D6-2FF6BCFA0C4E}.Debug|Any CPU.ActiveCfg = Debug|Any CPU
		{E43DDE9F-A9A3-4B04-A1D6-2FF6BCFA0C4E}.Debug|Any CPU.Build.0 = Debug|Any CPU
		{E43DDE9F-A9A3-4B04-A1D6-2FF6BCFA0C4E}.Debug|x64.ActiveCfg = Debug|Any CPU
		{E43DDE9F-A9A3-4B04-A1D6-2FF6BCFA0C4E}.Debug|x64.Build.0 = Debug|Any CPU
		{E43DDE9F-A9A3-4B04-A1D6-2FF6BCFA0C4E}.Debug|x86.ActiveCfg = Debug|Any CPU
		{E43DDE9F-A9A3-4B04-A1D6-2FF6BCFA0C4E}.Debug|x86.Build.0 = Debug|Any CPU
		{E43DDE9F-A9A3-4B04-A1D6-2FF6BCFA0C4E}.Release|Any CPU.ActiveCfg = Release|Any CPU
		{E43DDE9F-A9A3-4B04-A1D6-2FF6BCFA0C4E}.Release|Any CPU.Build.0 = Release|Any CPU
		{E43DDE9F-A9A3-4B04-A1D6-2FF6BCFA0C4E}.Release|x64.ActiveCfg = Release|Any CPU
		{E43DDE9F-A9A3-4B04-A1D6-2FF6BCFA0C4E}.Release|x64.Build.0 = Release|Any CPU
		{E43DDE9F-A9A3-4B04-A1D6-2FF6BCFA0C4E}.Release|x86.ActiveCfg = Release|Any CPU
		{E43DDE9F-A9A3-4B04-A1D6-2FF6BCFA0C4E}.Release|x86.Build.0 = Release|Any CPU
	EndGlobalSection
	GlobalSection(SolutionProperties) = preSolution
		HideSolutionNode = FALSE
	EndGlobalSection
	GlobalSection(NestedProjects) = preSolution
		{891DC6B0-A799-4F25-AD79-4C1870CE0D19} = {41809C72-3712-4F7F-AAE2-C4E1CB406945}
		{3340BBCE-41C7-465A-BB30-7CD9086A3B86} = {41809C72-3712-4F7F-AAE2-C4E1CB406945}
		{E43DDE9F-A9A3-4B04-A1D6-2FF6BCFA0C4E} = {41809C72-3712-4F7F-AAE2-C4E1CB406945}
	EndGlobalSection
	GlobalSection(ExtensibilityGlobals) = postSolution
		SolutionGuid = {387D1B6C-50FB-41C4-9304-84E9A135A095}
	EndGlobalSection
EndGlobal
