
Microsoft Visual Studio Solution File, Format Version 12.00
# Visual Studio Version 16
VisualStudioVersion = 16.0.30114.105
MinimumVisualStudioVersion = 10.0.40219.1
Project("{FAE04EC0-301F-11D3-BF4B-00C04F79EFBC}") = "R5T.Ujung.Default", "R5T.Ujung.Default\R5T.Ujung.Default.csproj", "{B6358C13-B9E2-43F1-9AF4-EC46DCF1EBD7}"
EndProject
Project("{FAE04EC0-301F-11D3-BF4B-00C04F79EFBC}") = "R5T.Ujung.Default.Construction", "R5T.Ujung.Default.Construction\R5T.Ujung.Default.Construction.csproj", "{924838D6-4DED-4318-A52A-6034E050C655}"
EndProject
Project("{2150E333-8FDC-42A3-9474-1A3956D46DE8}") = "_Dependencies", "_Dependencies", "{923D6BE0-F281-46D3-AF43-55E3A2541815}"
EndProject
Project("{FAE04EC0-301F-11D3-BF4B-00C04F79EFBC}") = "R5T.T0064", "..\..\R5T.T0064\source\R5T.T0064\R5T.T0064.csproj", "{060C825F-D249-4F63-827D-E0E39C02ACB5}"
EndProject
Global
	GlobalSection(SolutionConfigurationPlatforms) = preSolution
		Debug|Any CPU = Debug|Any CPU
		Debug|x64 = Debug|x64
		Debug|x86 = Debug|x86
		Release|Any CPU = Release|Any CPU
		Release|x64 = Release|x64
		Release|x86 = Release|x86
	EndGlobalSection
	GlobalSection(SolutionProperties) = preSolution
		HideSolutionNode = FALSE
	EndGlobalSection
	GlobalSection(ProjectConfigurationPlatforms) = postSolution
		{B6358C13-B9E2-43F1-9AF4-EC46DCF1EBD7}.Debug|Any CPU.ActiveCfg = Debug|Any CPU
		{B6358C13-B9E2-43F1-9AF4-EC46DCF1EBD7}.Debug|Any CPU.Build.0 = Debug|Any CPU
		{B6358C13-B9E2-43F1-9AF4-EC46DCF1EBD7}.Debug|x64.ActiveCfg = Debug|Any CPU
		{B6358C13-B9E2-43F1-9AF4-EC46DCF1EBD7}.Debug|x64.Build.0 = Debug|Any CPU
		{B6358C13-B9E2-43F1-9AF4-EC46DCF1EBD7}.Debug|x86.ActiveCfg = Debug|Any CPU
		{B6358C13-B9E2-43F1-9AF4-EC46DCF1EBD7}.Debug|x86.Build.0 = Debug|Any CPU
		{B6358C13-B9E2-43F1-9AF4-EC46DCF1EBD7}.Release|Any CPU.ActiveCfg = Release|Any CPU
		{B6358C13-B9E2-43F1-9AF4-EC46DCF1EBD7}.Release|Any CPU.Build.0 = Release|Any CPU
		{B6358C13-B9E2-43F1-9AF4-EC46DCF1EBD7}.Release|x64.ActiveCfg = Release|Any CPU
		{B6358C13-B9E2-43F1-9AF4-EC46DCF1EBD7}.Release|x64.Build.0 = Release|Any CPU
		{B6358C13-B9E2-43F1-9AF4-EC46DCF1EBD7}.Release|x86.ActiveCfg = Release|Any CPU
		{B6358C13-B9E2-43F1-9AF4-EC46DCF1EBD7}.Release|x86.Build.0 = Release|Any CPU
		{924838D6-4DED-4318-A52A-6034E050C655}.Debug|Any CPU.ActiveCfg = Debug|Any CPU
		{924838D6-4DED-4318-A52A-6034E050C655}.Debug|Any CPU.Build.0 = Debug|Any CPU
		{924838D6-4DED-4318-A52A-6034E050C655}.Debug|x64.ActiveCfg = Debug|Any CPU
		{924838D6-4DED-4318-A52A-6034E050C655}.Debug|x64.Build.0 = Debug|Any CPU
		{924838D6-4DED-4318-A52A-6034E050C655}.Debug|x86.ActiveCfg = Debug|Any CPU
		{924838D6-4DED-4318-A52A-6034E050C655}.Debug|x86.Build.0 = Debug|Any CPU
		{924838D6-4DED-4318-A52A-6034E050C655}.Release|Any CPU.ActiveCfg = Release|Any CPU
		{924838D6-4DED-4318-A52A-6034E050C655}.Release|Any CPU.Build.0 = Release|Any CPU
		{924838D6-4DED-4318-A52A-6034E050C655}.Release|x64.ActiveCfg = Release|Any CPU
		{924838D6-4DED-4318-A52A-6034E050C655}.Release|x64.Build.0 = Release|Any CPU
		{924838D6-4DED-4318-A52A-6034E050C655}.Release|x86.ActiveCfg = Release|Any CPU
		{924838D6-4DED-4318-A52A-6034E050C655}.Release|x86.Build.0 = Release|Any CPU
		{060C825F-D249-4F63-827D-E0E39C02ACB5}.Debug|Any CPU.ActiveCfg = Debug|Any CPU
		{060C825F-D249-4F63-827D-E0E39C02ACB5}.Debug|Any CPU.Build.0 = Debug|Any CPU
		{060C825F-D249-4F63-827D-E0E39C02ACB5}.Debug|x64.ActiveCfg = Debug|Any CPU
		{060C825F-D249-4F63-827D-E0E39C02ACB5}.Debug|x64.Build.0 = Debug|Any CPU
		{060C825F-D249-4F63-827D-E0E39C02ACB5}.Debug|x86.ActiveCfg = Debug|Any CPU
		{060C825F-D249-4F63-827D-E0E39C02ACB5}.Debug|x86.Build.0 = Debug|Any CPU
		{060C825F-D249-4F63-827D-E0E39C02ACB5}.Release|Any CPU.ActiveCfg = Release|Any CPU
		{060C825F-D249-4F63-827D-E0E39C02ACB5}.Release|Any CPU.Build.0 = Release|Any CPU
		{060C825F-D249-4F63-827D-E0E39C02ACB5}.Release|x64.ActiveCfg = Release|Any CPU
		{060C825F-D249-4F63-827D-E0E39C02ACB5}.Release|x64.Build.0 = Release|Any CPU
		{060C825F-D249-4F63-827D-E0E39C02ACB5}.Release|x86.ActiveCfg = Release|Any CPU
		{060C825F-D249-4F63-827D-E0E39C02ACB5}.Release|x86.Build.0 = Release|Any CPU
	EndGlobalSection
	GlobalSection(NestedProjects) = preSolution
		{060C825F-D249-4F63-827D-E0E39C02ACB5} = {923D6BE0-F281-46D3-AF43-55E3A2541815}
	EndGlobalSection
EndGlobal
